
Microsoft Visual Studio Solution File, Format Version 11.00
# Visual Studio 2010
Project("{FAE04EC0-301F-11D3-BF4B-00C04F79EFBC}") = "GitIoSharp", "GitIoRx\GitIoSharp.csproj", "{260A682F-DE57-4149-9D2D-0ADC66BABBBC}"
EndProject
Project("{FAE04EC0-301F-11D3-BF4B-00C04F79EFBC}") = "GitIoSharp.TestClient", "GitIoRx.TestClient\GitIoSharp.TestClient.csproj", "{68A9C6BB-253E-4D11-86FC-F80C453FA42D}"
EndProject
Global
	GlobalSection(SolutionConfigurationPlatforms) = preSolution
		Debug|Any CPU = Debug|Any CPU
		Debug|Mixed Platforms = Debug|Mixed Platforms
		Debug|x86 = Debug|x86
		Release|Any CPU = Release|Any CPU
		Release|Mixed Platforms = Release|Mixed Platforms
		Release|x86 = Release|x86
	EndGlobalSection
	GlobalSection(ProjectConfigurationPlatforms) = postSolution
		{260A682F-DE57-4149-9D2D-0ADC66BABBBC}.Debug|Any CPU.ActiveCfg = Debug|Any CPU
		{260A682F-DE57-4149-9D2D-0ADC66BABBBC}.Debug|Any CPU.Build.0 = Debug|Any CPU
		{260A682F-DE57-4149-9D2D-0ADC66BABBBC}.Debug|Mixed Platforms.ActiveCfg = Debug|Any CPU
		{260A682F-DE57-4149-9D2D-0ADC66BABBBC}.Debug|Mixed Platforms.Build.0 = Debug|Any CPU
		{260A682F-DE57-4149-9D2D-0ADC66BABBBC}.Debug|x86.ActiveCfg = Debug|Any CPU
		{260A682F-DE57-4149-9D2D-0ADC66BABBBC}.Release|Any CPU.ActiveCfg = Release|Any CPU
		{260A682F-DE57-4149-9D2D-0ADC66BABBBC}.Release|Any CPU.Build.0 = Release|Any CPU
		{260A682F-DE57-4149-9D2D-0ADC66BABBBC}.Release|Mixed Platforms.ActiveCfg = Release|Any CPU
		{260A682F-DE57-4149-9D2D-0ADC66BABBBC}.Release|Mixed Platforms.Build.0 = Release|Any CPU
		{260A682F-DE57-4149-9D2D-0ADC66BABBBC}.Release|x86.ActiveCfg = Release|Any CPU
		{68A9C6BB-253E-4D11-86FC-F80C453FA42D}.Debug|Any CPU.ActiveCfg = Debug|x86
		{68A9C6BB-253E-4D11-86FC-F80C453FA42D}.Debug|Mixed Platforms.ActiveCfg = Debug|x86
		{68A9C6BB-253E-4D11-86FC-F80C453FA42D}.Debug|Mixed Platforms.Build.0 = Debug|x86
		{68A9C6BB-253E-4D11-86FC-F80C453FA42D}.Debug|x86.ActiveCfg = Debug|x86
		{68A9C6BB-253E-4D11-86FC-F80C453FA42D}.Debug|x86.Build.0 = Debug|x86
		{68A9C6BB-253E-4D11-86FC-F80C453FA42D}.Release|Any CPU.ActiveCfg = Release|x86
		{68A9C6BB-253E-4D11-86FC-F80C453FA42D}.Release|Mixed Platforms.ActiveCfg = Release|x86
		{68A9C6BB-253E-4D11-86FC-F80C453FA42D}.Release|Mixed Platforms.Build.0 = Release|x86
		{68A9C6BB-253E-4D11-86FC-F80C453FA42D}.Release|x86.ActiveCfg = Release|x86
		{68A9C6BB-253E-4D11-86FC-F80C453FA42D}.Release|x86.Build.0 = Release|x86
	EndGlobalSection
	GlobalSection(SolutionProperties) = preSolution
		HideSolutionNode = FALSE
	EndGlobalSection
EndGlobal
